
Microsoft Visual Studio Solution File, Format Version 12.00
# Visual Studio 2013
VisualStudioVersion = 12.0.30723.0
MinimumVisualStudioVersion = 10.0.40219.1
Project("{FAE04EC0-301F-11D3-BF4B-00C04F79EFBC}") = "Student", "Student\Student.csproj", "{96CB3E89-B83A-4C5A-97DE-728D8A6E6CEF}"
EndProject
Project("{FAE04EC0-301F-11D3-BF4B-00C04F79EFBC}") = "Students2", "Students2\Students2.csproj", "{FD3BC06E-4413-4E2F-9889-A8A0B9278949}"
EndProject
Project("{FAE04EC0-301F-11D3-BF4B-00C04F79EFBC}") = "students3", "students3\students3.csproj", "{7D31A151-8C39-44CF-9924-3098B8F2EF00}"
EndProject
Global
	GlobalSection(SolutionConfigurationPlatforms) = preSolution
		Debug|Any CPU = Debug|Any CPU
		Release|Any CPU = Release|Any CPU
	EndGlobalSection
	GlobalSection(ProjectConfigurationPlatforms) = postSolution
		{96CB3E89-B83A-4C5A-97DE-728D8A6E6CEF}.Debug|Any CPU.ActiveCfg = Debug|Any CPU
		{96CB3E89-B83A-4C5A-97DE-728D8A6E6CEF}.Debug|Any CPU.Build.0 = Debug|Any CPU
		{96CB3E89-B83A-4C5A-97DE-728D8A6E6CEF}.Release|Any CPU.ActiveCfg = Release|Any CPU
		{96CB3E89-B83A-4C5A-97DE-728D8A6E6CEF}.Release|Any CPU.Build.0 = Release|Any CPU
		{FD3BC06E-4413-4E2F-9889-A8A0B9278949}.Debug|Any CPU.ActiveCfg = Debug|Any CPU
		{FD3BC06E-4413-4E2F-9889-A8A0B9278949}.Debug|Any CPU.Build.0 = Debug|Any CPU
		{FD3BC06E-4413-4E2F-9889-A8A0B9278949}.Release|Any CPU.ActiveCfg = Release|Any CPU
		{FD3BC06E-4413-4E2F-9889-A8A0B9278949}.Release|Any CPU.Build.0 = Release|Any CPU
		{7D31A151-8C39-44CF-9924-3098B8F2EF00}.Debug|Any CPU.ActiveCfg = Debug|Any CPU
		{7D31A151-8C39-44CF-9924-3098B8F2EF00}.Debug|Any CPU.Build.0 = Debug|Any CPU
		{7D31A151-8C39-44CF-9924-3098B8F2EF00}.Release|Any CPU.ActiveCfg = Release|Any CPU
		{7D31A151-8C39-44CF-9924-3098B8F2EF00}.Release|Any CPU.Build.0 = Release|Any CPU
	EndGlobalSection
	GlobalSection(SolutionProperties) = preSolution
		HideSolutionNode = FALSE
	EndGlobalSection
EndGlobal
